// !$*UTF8*$!
{
	archiveVersion = 1;
	classes = {
	};
	objectVersion = 50;
	objects = {

/* Begin PBXBuildFile section */
		4347409D24405E96006B42F0 /* Data.swift in Sources */ = {isa = PBXBuildFile; fileRef = 4347409C24405E96006B42F0 /* Data.swift */; };
		4347409F24405FEF006B42F0 /* AppView.swift in Sources */ = {isa = PBXBuildFile; fileRef = 4347409E24405FEF006B42F0 /* AppView.swift */; };
		434FD09A2421C4CC005E4FA6 /* AppDelegate.swift in Sources */ = {isa = PBXBuildFile; fileRef = 434FD0992421C4CC005E4FA6 /* AppDelegate.swift */; };
		434FD09C2421C4CC005E4FA6 /* SceneDelegate.swift in Sources */ = {isa = PBXBuildFile; fileRef = 434FD09B2421C4CC005E4FA6 /* SceneDelegate.swift */; };
		434FD0A02421C4CE005E4FA6 /* Assets.xcassets in Resources */ = {isa = PBXBuildFile; fileRef = 434FD09F2421C4CE005E4FA6 /* Assets.xcassets */; };
		434FD0A32421C4CE005E4FA6 /* Preview Assets.xcassets in Resources */ = {isa = PBXBuildFile; fileRef = 434FD0A22421C4CE005E4FA6 /* Preview Assets.xcassets */; };
		434FD0A62421C4CE005E4FA6 /* LaunchScreen.storyboard in Resources */ = {isa = PBXBuildFile; fileRef = 434FD0A42421C4CE005E4FA6 /* LaunchScreen.storyboard */; };
		43A42B19244483AD00F80723 /* CarSelectList.swift in Sources */ = {isa = PBXBuildFile; fileRef = 43A42B18244483AD00F80723 /* CarSelectList.swift */; };
		43B7F2F52443317B0031692E /* Car.swift in Sources */ = {isa = PBXBuildFile; fileRef = 43B7F2F42443317B0031692E /* Car.swift */; };
		43B7F2F72443320F0031692E /* CarRow.swift in Sources */ = {isa = PBXBuildFile; fileRef = 43B7F2F62443320F0031692E /* CarRow.swift */; };
		43B7F2F92443347C0031692E /* CarList.swift in Sources */ = {isa = PBXBuildFile; fileRef = 43B7F2F82443347C0031692E /* CarList.swift */; };
		43B7F2FB2443358C0031692E /* CarDetail.swift in Sources */ = {isa = PBXBuildFile; fileRef = 43B7F2FA2443358C0031692E /* CarDetail.swift */; };
		43B7F2FD24433DDB0031692E /* PictureWall.swift in Sources */ = {isa = PBXBuildFile; fileRef = 43B7F2FC24433DDB0031692E /* PictureWall.swift */; };
		43DC8D552444959E0047E8E5 /* jf-openhuninn-1.0.ttf in Resources */ = {isa = PBXBuildFile; fileRef = 43DC8D542444959E0047E8E5 /* jf-openhuninn-1.0.ttf */; };
/* End PBXBuildFile section */

/* Begin PBXFileReference section */
		4347409C24405E96006B42F0 /* Data.swift */ = {isa = PBXFileReference; lastKnownFileType = sourcecode.swift; path = Data.swift; sourceTree = "<group>"; };
		4347409E24405FEF006B42F0 /* AppView.swift */ = {isa = PBXFileReference; lastKnownFileType = sourcecode.swift; path = AppView.swift; sourceTree = "<group>"; };
		434FD0962421C4CC005E4FA6 /* Toyota.app */ = {isa = PBXFileReference; explicitFileType = wrapper.application; includeInIndex = 0; path = Toyota.app; sourceTree = BUILT_PRODUCTS_DIR; };
		434FD0992421C4CC005E4FA6 /* AppDelegate.swift */ = {isa = PBXFileReference; lastKnownFileType = sourcecode.swift; path = AppDelegate.swift; sourceTree = "<group>"; };
		434FD09B2421C4CC005E4FA6 /* SceneDelegate.swift */ = {isa = PBXFileReference; lastKnownFileType = sourcecode.swift; path = SceneDelegate.swift; sourceTree = "<group>"; };
		434FD09F2421C4CE005E4FA6 /* Assets.xcassets */ = {isa = PBXFileReference; lastKnownFileType = folder.assetcatalog; path = Assets.xcassets; sourceTree = "<group>"; };
		434FD0A22421C4CE005E4FA6 /* Preview Assets.xcassets */ = {isa = PBXFileReference; lastKnownFileType = folder.assetcatalog; path = "Preview Assets.xcassets"; sourceTree = "<group>"; };
		434FD0A52421C4CE005E4FA6 /* Base */ = {isa = PBXFileReference; lastKnownFileType = file.storyboard; name = Base; path = Base.lproj/LaunchScreen.storyboard; sourceTree = "<group>"; };
		434FD0A72421C4CE005E4FA6 /* Info.plist */ = {isa = PBXFileReference; lastKnownFileType = text.plist.xml; path = Info.plist; sourceTree = "<group>"; };
		43A42B18244483AD00F80723 /* CarSelectList.swift */ = {isa = PBXFileReference; lastKnownFileType = sourcecode.swift; path = CarSelectList.swift; sourceTree = "<group>"; };
		43B7F2F42443317B0031692E /* Car.swift */ = {isa = PBXFileReference; lastKnownFileType = sourcecode.swift; path = Car.swift; sourceTree = "<group>"; };
		43B7F2F62443320F0031692E /* CarRow.swift */ = {isa = PBXFileReference; lastKnownFileType = sourcecode.swift; path = CarRow.swift; sourceTree = "<group>"; };
		43B7F2F82443347C0031692E /* CarList.swift */ = {isa = PBXFileReference; lastKnownFileType = sourcecode.swift; path = CarList.swift; sourceTree = "<group>"; };
		43B7F2FA2443358C0031692E /* CarDetail.swift */ = {isa = PBXFileReference; lastKnownFileType = sourcecode.swift; path = CarDetail.swift; sourceTree = "<group>"; };
		43B7F2FC24433DDB0031692E /* PictureWall.swift */ = {isa = PBXFileReference; lastKnownFileType = sourcecode.swift; path = PictureWall.swift; sourceTree = "<group>"; };
		43B7F3002444749D0031692E /* Books.entitlements */ = {isa = PBXFileReference; lastKnownFileType = text.plist.entitlements; path = Books.entitlements; sourceTree = "<group>"; };
		43DC8D542444959E0047E8E5 /* jf-openhuninn-1.0.ttf */ = {isa = PBXFileReference; lastKnownFileType = file; path = "jf-openhuninn-1.0.ttf"; sourceTree = "<group>"; };
/* End PBXFileReference section */

/* Begin PBXFrameworksBuildPhase section */
		434FD0932421C4CC005E4FA6 /* Frameworks */ = {
			isa = PBXFrameworksBuildPhase;
			buildActionMask = 2147483647;
			files = (
			);
			runOnlyForDeploymentPostprocessing = 0;
		};
/* End PBXFrameworksBuildPhase section */

/* Begin PBXGroup section */
		434FD08D2421C4CC005E4FA6 = {
			isa = PBXGroup;
			children = (
				434FD0982421C4CC005E4FA6 /* Books */,
				434FD0972421C4CC005E4FA6 /* Products */,
			);
			sourceTree = "<group>";
		};
		434FD0972421C4CC005E4FA6 /* Products */ = {
			isa = PBXGroup;
			children = (
				434FD0962421C4CC005E4FA6 /* Toyota.app */,
			);
			name = Products;
			sourceTree = "<group>";
		};
		434FD0982421C4CC005E4FA6 /* Books */ = {
			isa = PBXGroup;
			children = (
				43B7F3002444749D0031692E /* Books.entitlements */,
				434FD0992421C4CC005E4FA6 /* AppDelegate.swift */,
				434FD09B2421C4CC005E4FA6 /* SceneDelegate.swift */,
				4347409E24405FEF006B42F0 /* AppView.swift */,
				4347409C24405E96006B42F0 /* Data.swift */,
				43B7F2F42443317B0031692E /* Car.swift */,
				43B7F2F62443320F0031692E /* CarRow.swift */,
				43B7F2F82443347C0031692E /* CarList.swift */,
				43A42B18244483AD00F80723 /* CarSelectList.swift */,
				43B7F2FA2443358C0031692E /* CarDetail.swift */,
				43B7F2FC24433DDB0031692E /* PictureWall.swift */,
				43DC8D542444959E0047E8E5 /* jf-openhuninn-1.0.ttf */,
				434FD09F2421C4CE005E4FA6 /* Assets.xcassets */,
				434FD0A42421C4CE005E4FA6 /* LaunchScreen.storyboard */,
				434FD0A72421C4CE005E4FA6 /* Info.plist */,
				434FD0A12421C4CE005E4FA6 /* Preview Content */,
			);
			path = Books;
			sourceTree = "<group>";
		};
		434FD0A12421C4CE005E4FA6 /* Preview Content */ = {
			isa = PBXGroup;
			children = (
				434FD0A22421C4CE005E4FA6 /* Preview Assets.xcassets */,
			);
			path = "Preview Content";
			sourceTree = "<group>";
		};
/* End PBXGroup section */

/* Begin PBXNativeTarget section */
		434FD0952421C4CC005E4FA6 /* Books */ = {
			isa = PBXNativeTarget;
			buildConfigurationList = 434FD0AA2421C4CE005E4FA6 /* Build configuration list for PBXNativeTarget "Books" */;
			buildPhases = (
				434FD0922421C4CC005E4FA6 /* Sources */,
				434FD0932421C4CC005E4FA6 /* Frameworks */,
				434FD0942421C4CC005E4FA6 /* Resources */,
			);
			buildRules = (
			);
			dependencies = (
			);
			name = Books;
			productName = Books;
			productReference = 434FD0962421C4CC005E4FA6 /* Toyota.app */;
			productType = "com.apple.product-type.application";
		};
/* End PBXNativeTarget section */

/* Begin PBXProject section */
		434FD08E2421C4CC005E4FA6 /* Project object */ = {
			isa = PBXProject;
			attributes = {
				LastSwiftUpdateCheck = 1130;
				LastUpgradeCheck = 1130;
				ORGANIZATIONNAME = "林子平";
				TargetAttributes = {
					434FD0952421C4CC005E4FA6 = {
						CreatedOnToolsVersion = 11.3.1;
					};
				};
			};
			buildConfigurationList = 434FD0912421C4CC005E4FA6 /* Build configuration list for PBXProject "Books" */;
			compatibilityVersion = "Xcode 9.3";
			developmentRegion = en;
			hasScannedForEncodings = 0;
			knownRegions = (
				en,
				Base,
			);
			mainGroup = 434FD08D2421C4CC005E4FA6;
			productRefGroup = 434FD0972421C4CC005E4FA6 /* Products */;
			projectDirPath = "";
			projectRoot = "";
			targets = (
				434FD0952421C4CC005E4FA6 /* Books */,
			);
		};
/* End PBXProject section */

/* Begin PBXResourcesBuildPhase section */
		434FD0942421C4CC005E4FA6 /* Resources */ = {
			isa = PBXResourcesBuildPhase;
			buildActionMask = 2147483647;
			files = (
				43DC8D552444959E0047E8E5 /* jf-openhuninn-1.0.ttf in Resources */,
				434FD0A62421C4CE005E4FA6 /* LaunchScreen.storyboard in Resources */,
				434FD0A32421C4CE005E4FA6 /* Preview Assets.xcassets in Resources */,
				434FD0A02421C4CE005E4FA6 /* Assets.xcassets in Resources */,
			);
			runOnlyForDeploymentPostprocessing = 0;
		};
/* End PBXResourcesBuildPhase section */

/* Begin PBXSourcesBuildPhase section */
		434FD0922421C4CC005E4FA6 /* Sources */ = {
			isa = PBXSourcesBuildPhase;
			buildActionMask = 2147483647;
			files = (
				43A42B19244483AD00F80723 /* CarSelectList.swift in Sources */,
				434FD09A2421C4CC005E4FA6 /* AppDelegate.swift in Sources */,
				43B7F2F92443347C0031692E /* CarList.swift in Sources */,
				434FD09C2421C4CC005E4FA6 /* SceneDelegate.swift in Sources */,
				43B7F2F52443317B0031692E /* Car.swift in Sources */,
				4347409D24405E96006B42F0 /* Data.swift in Sources */,
				43B7F2F72443320F0031692E /* CarRow.swift in Sources */,
				4347409F24405FEF006B42F0 /* AppView.swift in Sources */,
				43B7F2FB2443358C0031692E /* CarDetail.swift in Sources */,
				43B7F2FD24433DDB0031692E /* PictureWall.swift in Sources */,
			);
			runOnlyForDeploymentPostprocessing = 0;
		};
/* End PBXSourcesBuildPhase section */

/* Begin PBXVariantGroup section */
		434FD0A42421C4CE005E4FA6 /* LaunchScreen.storyboard */ = {
			isa = PBXVariantGroup;
			children = (
				434FD0A52421C4CE005E4FA6 /* Base */,
			);
			name = LaunchScreen.storyboard;
			sourceTree = "<group>";
		};
/* End PBXVariantGroup section */

/* Begin XCBuildConfiguration section */
		434FD0A82421C4CE005E4FA6 /* Debug */ = {
			isa = XCBuildConfiguration;
			buildSettings = {
				ALWAYS_SEARCH_USER_PATHS = NO;
				CLANG_ANALYZER_NONNULL = YES;
				CLANG_ANALYZER_NUMBER_OBJECT_CONVERSION = YES_AGGRESSIVE;
				CLANG_CXX_LANGUAGE_STANDARD = "gnu++14";
				CLANG_CXX_LIBRARY = "libc++";
				CLANG_ENABLE_MODULES = YES;
				CLANG_ENABLE_OBJC_ARC = YES;
				CLANG_ENABLE_OBJC_WEAK = YES;
				CLANG_WARN_BLOCK_CAPTURE_AUTORELEASING = YES;
				CLANG_WARN_BOOL_CONVERSION = YES;
				CLANG_WARN_COMMA = YES;
				CLANG_WARN_CONSTANT_CONVERSION = YES;
				CLANG_WARN_DEPRECATED_OBJC_IMPLEMENTATIONS = YES;
				CLANG_WARN_DIRECT_OBJC_ISA_USAGE = YES_ERROR;
				CLANG_WARN_DOCUMENTATION_COMMENTS = YES;
				CLANG_WARN_EMPTY_BODY = YES;
				CLANG_WARN_ENUM_CONVERSION = YES;
				CLANG_WARN_INFINITE_RECURSION = YES;
				CLANG_WARN_INT_CONVERSION = YES;
				CLANG_WARN_NON_LITERAL_NULL_CONVERSION = YES;
				CLANG_WARN_OBJC_IMPLICIT_RETAIN_SELF = YES;
				CLANG_WARN_OBJC_LITERAL_CONVERSION = YES;
				CLANG_WARN_OBJC_ROOT_CLASS = YES_ERROR;
				CLANG_WARN_RANGE_LOOP_ANALYSIS = YES;
				CLANG_WARN_STRICT_PROTOTYPES = YES;
				CLANG_WARN_SUSPICIOUS_MOVE = YES;
				CLANG_WARN_UNGUARDED_AVAILABILITY = YES_AGGRESSIVE;
				CLANG_WARN_UNREACHABLE_CODE = YES;
				CLANG_WARN__DUPLICATE_METHOD_MATCH = YES;
				COPY_PHASE_STRIP = NO;
				DEBUG_INFORMATION_FORMAT = dwarf;
				ENABLE_STRICT_OBJC_MSGSEND = YES;
				ENABLE_TESTABILITY = YES;
				GCC_C_LANGUAGE_STANDARD = gnu11;
				GCC_DYNAMIC_NO_PIC = NO;
				GCC_NO_COMMON_BLOCKS = YES;
				GCC_OPTIMIZATION_LEVEL = 0;
				GCC_PREPROCESSOR_DEFINITIONS = (
					"DEBUG=1",
					"$(inherited)",
				);
				GCC_WARN_64_TO_32_BIT_CONVERSION = YES;
				GCC_WARN_ABOUT_RETURN_TYPE = YES_ERROR;
				GCC_WARN_UNDECLARED_SELECTOR = YES;
				GCC_WARN_UNINITIALIZED_AUTOS = YES_AGGRESSIVE;
				GCC_WARN_UNUSED_FUNCTION = YES;
				GCC_WARN_UNUSED_VARIABLE = YES;
				IPHONEOS_DEPLOYMENT_TARGET = 13.2;
				MTL_ENABLE_DEBUG_INFO = INCLUDE_SOURCE;
				MTL_FAST_MATH = YES;
				ONLY_ACTIVE_ARCH = YES;
				SDKROOT = iphoneos;
				SWIFT_ACTIVE_COMPILATION_CONDITIONS = DEBUG;
				SWIFT_OPTIMIZATION_LEVEL = "-Onone";
			};
			name = Debug;
		};
		434FD0A92421C4CE005E4FA6 /* Release */ = {
			isa = XCBuildConfiguration;
			buildSettings = {
				ALWAYS_SEARCH_USER_PATHS = NO;
				CLANG_ANALYZER_NONNULL = YES;
				CLANG_ANALYZER_NUMBER_OBJECT_CONVERSION = YES_AGGRESSIVE;
				CLANG_CXX_LANGUAGE_STANDARD = "gnu++14";
				CLANG_CXX_LIBRARY = "libc++";
				CLANG_ENABLE_MODULES = YES;
				CLANG_ENABLE_OBJC_ARC = YES;
				CLANG_ENABLE_OBJC_WEAK = YES;
				CLANG_WARN_BLOCK_CAPTURE_AUTORELEASING = YES;
				CLANG_WARN_BOOL_CONVERSION = YES;
				CLANG_WARN_COMMA = YES;
				CLANG_WARN_CONSTANT_CONVERSION = YES;
				CLANG_WARN_DEPRECATED_OBJC_IMPLEMENTATIONS = YES;
				CLANG_WARN_DIRECT_OBJC_ISA_USAGE = YES_ERROR;
				CLANG_WARN_DOCUMENTATION_COMMENTS = YES;
				CLANG_WARN_EMPTY_BODY = YES;
				CLANG_WARN_ENUM_CONVERSION = YES;
				CLANG_WARN_INFINITE_RECURSION = YES;
				CLANG_WARN_INT_CONVERSION = YES;
				CLANG_WARN_NON_LITERAL_NULL_CONVERSION = YES;
				CLANG_WARN_OBJC_IMPLICIT_RETAIN_SELF = YES;
				CLANG_WARN_OBJC_LITERAL_CONVERSION = YES;
				CLANG_WARN_OBJC_ROOT_CLASS = YES_ERROR;
				CLANG_WARN_RANGE_LOOP_ANALYSIS = YES;
				CLANG_WARN_STRICT_PROTOTYPES = YES;
				CLANG_WARN_SUSPICIOUS_MOVE = YES;
				CLANG_WARN_UNGUARDED_AVAILABILITY = YES_AGGRESSIVE;
				CLANG_WARN_UNREACHABLE_CODE = YES;
				CLANG_WARN__DUPLICATE_METHOD_MATCH = YES;
				COPY_PHASE_STRIP = NO;
				DEBUG_INFORMATION_FORMAT = "dwarf-with-dsym";
				ENABLE_NS_ASSERTIONS = NO;
				ENABLE_STRICT_OBJC_MSGSEND = YES;
				GCC_C_LANGUAGE_STANDARD = gnu11;
				GCC_NO_COMMON_BLOCKS = YES;
				GCC_WARN_64_TO_32_BIT_CONVERSION = YES;
				GCC_WARN_ABOUT_RETURN_TYPE = YES_ERROR;
				GCC_WARN_UNDECLARED_SELECTOR = YES;
				GCC_WARN_UNINITIALIZED_AUTOS = YES_AGGRESSIVE;
				GCC_WARN_UNUSED_FUNCTION = YES;
				GCC_WARN_UNUSED_VARIABLE = YES;
				IPHONEOS_DEPLOYMENT_TARGET = 13.2;
				MTL_ENABLE_DEBUG_INFO = NO;
				MTL_FAST_MATH = YES;
				SDKROOT = iphoneos;
				SWIFT_COMPILATION_MODE = wholemodule;
				SWIFT_OPTIMIZATION_LEVEL = "-O";
				VALIDATE_PRODUCT = YES;
			};
			name = Release;
		};
		434FD0AB2421C4CE005E4FA6 /* Debug */ = {
			isa = XCBuildConfiguration;
			buildSettings = {
				ASSETCATALOG_COMPILER_APPICON_NAME = AppIcon;
				CODE_SIGN_ENTITLEMENTS = Books/Books.entitlements;
				CODE_SIGN_IDENTITY = "Apple Development";
				"CODE_SIGN_IDENTITY[sdk=macosx*]" = "-";
				CODE_SIGN_STYLE = Automatic;
				DEVELOPMENT_ASSET_PATHS = "\"Books/Preview Content\"";
				DEVELOPMENT_TEAM = "";
				ENABLE_PREVIEWS = YES;
				INFOPLIST_FILE = Books/Info.plist;
				LD_RUNPATH_SEARCH_PATHS = (
					"$(inherited)",
					"@executable_path/Frameworks",
				);
				PRODUCT_BUNDLE_IDENTIFIER = TsuNiWan.Books;
				PRODUCT_NAME = Toyota;
				PROVISIONING_PROFILE_SPECIFIER = "";
				SUPPORTS_MACCATALYST = YES;
				SWIFT_VERSION = 5.0;
				TARGETED_DEVICE_FAMILY = "1,2";
			};
			name = Debug;
		};
		434FD0AC2421C4CE005E4FA6 /* Release */ = {
			isa = XCBuildConfiguration;
			buildSettings = {
				ASSETCATALOG_COMPILER_APPICON_NAME = AppIcon;
				CODE_SIGN_ENTITLEMENTS = Books/Books.entitlements;
				CODE_SIGN_IDENTITY = "Apple Development";
				"CODE_SIGN_IDENTITY[sdk=macosx*]" = "-";
				CODE_SIGN_STYLE = Automatic;
				DEVELOPMENT_ASSET_PATHS = "\"Books/Preview Content\"";
				DEVELOPMENT_TEAM = "";
				ENABLE_PREVIEWS = YES;
				INFOPLIST_FILE = Books/Info.plist;
				LD_RUNPATH_SEARCH_PATHS = (
					"$(inherited)",
					"@executable_path/Frameworks",
				);
				PRODUCT_BUNDLE_IDENTIFIER = TsuNiWan.Books;
				PRODUCT_NAME = Toyota;
				PROVISIONING_PROFILE_SPECIFIER = "";
				SUPPORTS_MACCATALYST = YES;
				SWIFT_VERSION = 5.0;
				TARGETED_DEVICE_FAMILY = "1,2";
			};
			name = Release;
		};
/* End XCBuildConfiguration section */

/* Begin XCConfigurationList section */
		434FD0912421C4CC005E4FA6 /* Build configuration list for PBXProject "Books" */ = {
			isa = XCConfigurationList;
			buildConfigurations = (
				434FD0A82421C4CE005E4FA6 /* Debug */,
				434FD0A92421C4CE005E4FA6 /* Release */,
			);
			defaultConfigurationIsVisible = 0;
			defaultConfigurationName = Release;
		};
		434FD0AA2421C4CE005E4FA6 /* Build configuration list for PBXNativeTarget "Books" */ = {
			isa = XCConfigurationList;
			buildConfigurations = (
				434FD0AB2421C4CE005E4FA6 /* Debug */,
				434FD0AC2421C4CE005E4FA6 /* Release */,
			);
			defaultConfigurationIsVisible = 0;
			defaultConfigurationName = Release;
		};
/* End XCConfigurationList section */
	};
	rootObject = 434FD08E2421C4CC005E4FA6 /* Project object */;
}
